
Microsoft Visual Studio Solution File, Format Version 12.00
# Visual Studio 14
VisualStudioVersion = 14.0.25420.1
MinimumVisualStudioVersion = 10.0.40219.1
Project("{FAE04EC0-301F-11D3-BF4B-00C04F79EFBC}") = "FeatureFlags", "FeatureFlags\FeatureFlags.csproj", "{435416C9-6747-406F-B8CF-5C066309C987}"
EndProject
Project("{FAE04EC0-301F-11D3-BF4B-00C04F79EFBC}") = "FeatureFlags.Test", "FeatureFlags.Test\FeatureFlags.Test.csproj", "{0F4841C6-39ED-4202-AEC8-AD7170D7EC21}"
EndProject
Project("{8BB2217D-0F2D-49D1-97BC-3654ED321F3B}") = "TestWebApp", "TestWebApp\TestWebApp.xproj", "{CD4D1995-C646-48E1-AD0B-ACD71893F7AC}"
EndProject
Project("{8BB2217D-0F2D-49D1-97BC-3654ED321F3B}") = "FeatureFlagsAdmin", "FeatureFlagsAdmin\FeatureFlagsAdmin.xproj", "{90907AE3-BB74-4AFB-AB4E-464DD283FA89}"
EndProject
Project("{FAE04EC0-301F-11D3-BF4B-00C04F79EFBC}") = "FeatureFlags.AspNetCore", "FeatureFlags.AspNetCore\FeatureFlags.AspNetCore.csproj", "{0FD1EBC9-D6EF-41EE-AE6E-054A7137F201}"
EndProject
Project("{FAE04EC0-301F-11D3-BF4B-00C04F79EFBC}") = "FeatureFlags.Grammar", "FeatureFlags.Grammar\FeatureFlags.Grammar.csproj", "{1EFA9EBB-DDA5-40F1-8DFE-5E2DC2C2BA72}"
EndProject
Project("{FAE04EC0-301F-11D3-BF4B-00C04F79EFBC}") = "FeatureFlags.ZooKeeper", "FeatureFlags.ZooKeeper\FeatureFlags.ZooKeeper.csproj", "{82EFF310-5471-48FF-8E67-A7067EE3DC95}"
EndProject
Project("{FAE04EC0-301F-11D3-BF4B-00C04F79EFBC}") = "FeatureFlags.ZooKeeper.AspNetCore", "FeatureFlags.ZooKeeper.AspNetCore\FeatureFlags.ZooKeeper.AspNetCore.csproj", "{2DB1A826-9C32-4137-BEC3-183C3254A448}"
EndProject
Project("{2150E333-8FDC-42A3-9474-1A3956D46DE8}") = "Library", "Library", "{1CBCAF07-78AE-459A-BE74-4C3272F00435}"
EndProject
Project("{2150E333-8FDC-42A3-9474-1A3956D46DE8}") = "Tests", "Tests", "{ED0EB8DE-0C70-4068-9E1F-E7C127D4A093}"
EndProject
Project("{2150E333-8FDC-42A3-9474-1A3956D46DE8}") = "Admin", "Admin", "{3E6A76C2-6FC0-433A-BD69-BF085DD5B9A4}"
EndProject
Project("{FAE04EC0-301F-11D3-BF4B-00C04F79EFBC}") = "FeatureFlags.ZooKeeper.Test", "FeatureFlags.ZooKeeper.Test\FeatureFlags.ZooKeeper.Test.csproj", "{518C0033-708F-46BC-A317-58BD52969727}"
EndProject
Project("{FAE04EC0-301F-11D3-BF4B-00C04F79EFBC}") = "TestWebAppOWIN", "TestWebAppOWIN\TestWebAppOWIN.csproj", "{3E9D110A-ADEE-4F66-99CC-4CA5486B40DC}"
EndProject
Global
	GlobalSection(SolutionConfigurationPlatforms) = preSolution
		Debug|Any CPU = Debug|Any CPU
		Release|Any CPU = Release|Any CPU
	EndGlobalSection
	GlobalSection(ProjectConfigurationPlatforms) = postSolution
		{435416C9-6747-406F-B8CF-5C066309C987}.Debug|Any CPU.ActiveCfg = Debug|Any CPU
		{435416C9-6747-406F-B8CF-5C066309C987}.Debug|Any CPU.Build.0 = Debug|Any CPU
		{435416C9-6747-406F-B8CF-5C066309C987}.Release|Any CPU.ActiveCfg = Release|Any CPU
		{435416C9-6747-406F-B8CF-5C066309C987}.Release|Any CPU.Build.0 = Release|Any CPU
		{0F4841C6-39ED-4202-AEC8-AD7170D7EC21}.Debug|Any CPU.ActiveCfg = Debug|Any CPU
		{0F4841C6-39ED-4202-AEC8-AD7170D7EC21}.Debug|Any CPU.Build.0 = Debug|Any CPU
		{0F4841C6-39ED-4202-AEC8-AD7170D7EC21}.Release|Any CPU.ActiveCfg = Release|Any CPU
		{0F4841C6-39ED-4202-AEC8-AD7170D7EC21}.Release|Any CPU.Build.0 = Release|Any CPU
		{CD4D1995-C646-48E1-AD0B-ACD71893F7AC}.Debug|Any CPU.ActiveCfg = Debug|Any CPU
		{CD4D1995-C646-48E1-AD0B-ACD71893F7AC}.Debug|Any CPU.Build.0 = Debug|Any CPU
		{CD4D1995-C646-48E1-AD0B-ACD71893F7AC}.Release|Any CPU.ActiveCfg = Release|Any CPU
		{CD4D1995-C646-48E1-AD0B-ACD71893F7AC}.Release|Any CPU.Build.0 = Release|Any CPU
		{90907AE3-BB74-4AFB-AB4E-464DD283FA89}.Debug|Any CPU.ActiveCfg = Debug|Any CPU
		{90907AE3-BB74-4AFB-AB4E-464DD283FA89}.Debug|Any CPU.Build.0 = Debug|Any CPU
		{90907AE3-BB74-4AFB-AB4E-464DD283FA89}.Release|Any CPU.ActiveCfg = Release|Any CPU
		{90907AE3-BB74-4AFB-AB4E-464DD283FA89}.Release|Any CPU.Build.0 = Release|Any CPU
		{0FD1EBC9-D6EF-41EE-AE6E-054A7137F201}.Debug|Any CPU.ActiveCfg = Debug|Any CPU
		{0FD1EBC9-D6EF-41EE-AE6E-054A7137F201}.Debug|Any CPU.Build.0 = Debug|Any CPU
		{0FD1EBC9-D6EF-41EE-AE6E-054A7137F201}.Release|Any CPU.ActiveCfg = Release|Any CPU
		{0FD1EBC9-D6EF-41EE-AE6E-054A7137F201}.Release|Any CPU.Build.0 = Release|Any CPU
		{1EFA9EBB-DDA5-40F1-8DFE-5E2DC2C2BA72}.Debug|Any CPU.ActiveCfg = Debug|Any CPU
		{1EFA9EBB-DDA5-40F1-8DFE-5E2DC2C2BA72}.Debug|Any CPU.Build.0 = Debug|Any CPU
		{1EFA9EBB-DDA5-40F1-8DFE-5E2DC2C2BA72}.Release|Any CPU.ActiveCfg = Release|Any CPU
		{1EFA9EBB-DDA5-40F1-8DFE-5E2DC2C2BA72}.Release|Any CPU.Build.0 = Release|Any CPU
		{82EFF310-5471-48FF-8E67-A7067EE3DC95}.Debug|Any CPU.ActiveCfg = Debug|Any CPU
		{82EFF310-5471-48FF-8E67-A7067EE3DC95}.Debug|Any CPU.Build.0 = Debug|Any CPU
		{82EFF310-5471-48FF-8E67-A7067EE3DC95}.Release|Any CPU.ActiveCfg = Release|Any CPU
		{82EFF310-5471-48FF-8E67-A7067EE3DC95}.Release|Any CPU.Build.0 = Release|Any CPU
		{2DB1A826-9C32-4137-BEC3-183C3254A448}.Debug|Any CPU.ActiveCfg = Debug|Any CPU
		{2DB1A826-9C32-4137-BEC3-183C3254A448}.Debug|Any CPU.Build.0 = Debug|Any CPU
		{2DB1A826-9C32-4137-BEC3-183C3254A448}.Release|Any CPU.ActiveCfg = Release|Any CPU
		{2DB1A826-9C32-4137-BEC3-183C3254A448}.Release|Any CPU.Build.0 = Release|Any CPU
		{518C0033-708F-46BC-A317-58BD52969727}.Debug|Any CPU.ActiveCfg = Debug|Any CPU
		{518C0033-708F-46BC-A317-58BD52969727}.Debug|Any CPU.Build.0 = Debug|Any CPU
		{518C0033-708F-46BC-A317-58BD52969727}.Release|Any CPU.ActiveCfg = Release|Any CPU
		{518C0033-708F-46BC-A317-58BD52969727}.Release|Any CPU.Build.0 = Release|Any CPU
		{3E9D110A-ADEE-4F66-99CC-4CA5486B40DC}.Debug|Any CPU.ActiveCfg = Debug|Any CPU
		{3E9D110A-ADEE-4F66-99CC-4CA5486B40DC}.Debug|Any CPU.Build.0 = Debug|Any CPU
		{3E9D110A-ADEE-4F66-99CC-4CA5486B40DC}.Release|Any CPU.ActiveCfg = Release|Any CPU
		{3E9D110A-ADEE-4F66-99CC-4CA5486B40DC}.Release|Any CPU.Build.0 = Release|Any CPU
	EndGlobalSection
	GlobalSection(SolutionProperties) = preSolution
		HideSolutionNode = FALSE
	EndGlobalSection
	GlobalSection(NestedProjects) = preSolution
		{435416C9-6747-406F-B8CF-5C066309C987} = {1CBCAF07-78AE-459A-BE74-4C3272F00435}
		{0F4841C6-39ED-4202-AEC8-AD7170D7EC21} = {ED0EB8DE-0C70-4068-9E1F-E7C127D4A093}
		{CD4D1995-C646-48E1-AD0B-ACD71893F7AC} = {ED0EB8DE-0C70-4068-9E1F-E7C127D4A093}
		{90907AE3-BB74-4AFB-AB4E-464DD283FA89} = {3E6A76C2-6FC0-433A-BD69-BF085DD5B9A4}
		{0FD1EBC9-D6EF-41EE-AE6E-054A7137F201} = {1CBCAF07-78AE-459A-BE74-4C3272F00435}
		{1EFA9EBB-DDA5-40F1-8DFE-5E2DC2C2BA72} = {1CBCAF07-78AE-459A-BE74-4C3272F00435}
		{82EFF310-5471-48FF-8E67-A7067EE3DC95} = {1CBCAF07-78AE-459A-BE74-4C3272F00435}
		{2DB1A826-9C32-4137-BEC3-183C3254A448} = {1CBCAF07-78AE-459A-BE74-4C3272F00435}
		{518C0033-708F-46BC-A317-58BD52969727} = {ED0EB8DE-0C70-4068-9E1F-E7C127D4A093}
		{3E9D110A-ADEE-4F66-99CC-4CA5486B40DC} = {ED0EB8DE-0C70-4068-9E1F-E7C127D4A093}
	EndGlobalSection
EndGlobal
